
Microsoft Visual Studio Solution File, Format Version 12.00
# Visual Studio Version 17
VisualStudioVersion = 17.11.35327.3
MinimumVisualStudioVersion = 10.0.40219.1
Project("{9A19103F-16F7-4668-BE54-9A1E7A4F7556}") = "BACKEND1", "BACKEND1\BACKEND1.csproj", "{291CC0CE-7714-4B96-AC7F-10CEA2AF99B0}"
EndProject
Project("{9A19103F-16F7-4668-BE54-9A1E7A4F7556}") = "Entidades", "Entidades\Entidades.csproj", "{438CD27A-152A-49C0-96A5-09B9693AECAB}"
EndProject
Project("{FAE04EC0-301F-11D3-BF4B-00C04F79EFBC}") = "FRONT", "FRONT\FRONT.csproj", "{46A18365-6E34-440A-93E3-554FA7B6C79B}"
EndProject
Global
	GlobalSection(SolutionConfigurationPlatforms) = preSolution
		Debug|Any CPU = Debug|Any CPU
		Release|Any CPU = Release|Any CPU
	EndGlobalSection
	GlobalSection(ProjectConfigurationPlatforms) = postSolution
		{291CC0CE-7714-4B96-AC7F-10CEA2AF99B0}.Debug|Any CPU.ActiveCfg = Debug|Any CPU
		{291CC0CE-7714-4B96-AC7F-10CEA2AF99B0}.Debug|Any CPU.Build.0 = Debug|Any CPU
		{291CC0CE-7714-4B96-AC7F-10CEA2AF99B0}.Release|Any CPU.ActiveCfg = Release|Any CPU
		{291CC0CE-7714-4B96-AC7F-10CEA2AF99B0}.Release|Any CPU.Build.0 = Release|Any CPU
		{438CD27A-152A-49C0-96A5-09B9693AECAB}.Debug|Any CPU.ActiveCfg = Debug|Any CPU
		{438CD27A-152A-49C0-96A5-09B9693AECAB}.Debug|Any CPU.Build.0 = Debug|Any CPU
		{438CD27A-152A-49C0-96A5-09B9693AECAB}.Release|Any CPU.ActiveCfg = Release|Any CPU
		{438CD27A-152A-49C0-96A5-09B9693AECAB}.Release|Any CPU.Build.0 = Release|Any CPU
		{46A18365-6E34-440A-93E3-554FA7B6C79B}.Debug|Any CPU.ActiveCfg = Debug|Any CPU
		{46A18365-6E34-440A-93E3-554FA7B6C79B}.Debug|Any CPU.Build.0 = Debug|Any CPU
		{46A18365-6E34-440A-93E3-554FA7B6C79B}.Release|Any CPU.ActiveCfg = Release|Any CPU
		{46A18365-6E34-440A-93E3-554FA7B6C79B}.Release|Any CPU.Build.0 = Release|Any CPU
	EndGlobalSection
	GlobalSection(SolutionProperties) = preSolution
		HideSolutionNode = FALSE
	EndGlobalSection
	GlobalSection(ExtensibilityGlobals) = postSolution
		SolutionGuid = {5611DE82-5E23-4D00-9CF4-F798A5008BEC}
	EndGlobalSection
EndGlobal
